
Microsoft Visual Studio Solution File, Format Version 12.00
Project("{FAE04EC0-301F-11D3-BF4B-00C04F79EFBC}") = "DNP_Assignment", "DNP_Assignment\DNP_Assignment.csproj", "{49817843-1367-4D59-B8A0-A7E6579ED79D}"
EndProject
Global
	GlobalSection(SolutionConfigurationPlatforms) = preSolution
		Debug|Any CPU = Debug|Any CPU
		Release|Any CPU = Release|Any CPU
	EndGlobalSection
	GlobalSection(ProjectConfigurationPlatforms) = postSolution
		{49817843-1367-4D59-B8A0-A7E6579ED79D}.Debug|Any CPU.ActiveCfg = Debug|Any CPU
		{49817843-1367-4D59-B8A0-A7E6579ED79D}.Debug|Any CPU.Build.0 = Debug|Any CPU
		{49817843-1367-4D59-B8A0-A7E6579ED79D}.Release|Any CPU.ActiveCfg = Release|Any CPU
		{49817843-1367-4D59-B8A0-A7E6579ED79D}.Release|Any CPU.Build.0 = Release|Any CPU
	EndGlobalSection
EndGlobal
